// !$*UTF8*$!
{
	archiveVersion = 1;
	classes = {
	};
	objectVersion = 55;
	objects = {

/* Begin PBXBuildFile section */
		C74DF9A727F6E39600DDB5FA /* StudyUI2App.swift in Sources */ = {isa = PBXBuildFile; fileRef = C74DF9A627F6E39600DDB5FA /* StudyUI2App.swift */; };
		C74DF9A927F6E39600DDB5FA /* ContentView.swift in Sources */ = {isa = PBXBuildFile; fileRef = C74DF9A827F6E39600DDB5FA /* ContentView.swift */; };
		C74DF9AB27F6E39700DDB5FA /* Assets.xcassets in Resources */ = {isa = PBXBuildFile; fileRef = C74DF9AA27F6E39700DDB5FA /* Assets.xcassets */; };
		C74DF9AE27F6E39700DDB5FA /* Preview Assets.xcassets in Resources */ = {isa = PBXBuildFile; fileRef = C74DF9AD27F6E39700DDB5FA /* Preview Assets.xcassets */; };
		C74DF9B327F6E39700DDB5FA /* StudyUI2.xcdatamodeld in Sources */ = {isa = PBXBuildFile; fileRef = C74DF9B127F6E39700DDB5FA /* StudyUI2.xcdatamodeld */; };
		C74DF9BD27F6E39700DDB5FA /* StudyUI2Tests.swift in Sources */ = {isa = PBXBuildFile; fileRef = C74DF9BC27F6E39700DDB5FA /* StudyUI2Tests.swift */; };
		C74DF9C727F6E39700DDB5FA /* StudyUI2UITests.swift in Sources */ = {isa = PBXBuildFile; fileRef = C74DF9C627F6E39700DDB5FA /* StudyUI2UITests.swift */; };
		C74DF9C927F6E39700DDB5FA /* StudyUI2UITestsLaunchTests.swift in Sources */ = {isa = PBXBuildFile; fileRef = C74DF9C827F6E39700DDB5FA /* StudyUI2UITestsLaunchTests.swift */; };
		C74DF9D727F6E76800DDB5FA /* Movie+CoreDataClass.swift in Sources */ = {isa = PBXBuildFile; fileRef = C74DF9D527F6E76800DDB5FA /* Movie+CoreDataClass.swift */; };
		C74DF9D827F6E76800DDB5FA /* Movie+CoreDataProperties.swift in Sources */ = {isa = PBXBuildFile; fileRef = C74DF9D627F6E76800DDB5FA /* Movie+CoreDataProperties.swift */; };
		C74DF9DA27F6EC0E00DDB5FA /* DataController.swift in Sources */ = {isa = PBXBuildFile; fileRef = C74DF9D927F6EC0E00DDB5FA /* DataController.swift */; };
		C74DF9E327F6F45F00DDB5FA /* Singer+CoreDataClass.swift in Sources */ = {isa = PBXBuildFile; fileRef = C74DF9E127F6F45F00DDB5FA /* Singer+CoreDataClass.swift */; };
		C74DF9E427F6F45F00DDB5FA /* Singer+CoreDataProperties.swift in Sources */ = {isa = PBXBuildFile; fileRef = C74DF9E227F6F45F00DDB5FA /* Singer+CoreDataProperties.swift */; };
		C74DF9E927F6F8BA00DDB5FA /* Country+CoreDataClass.swift in Sources */ = {isa = PBXBuildFile; fileRef = C74DF9E527F6F8BA00DDB5FA /* Country+CoreDataClass.swift */; };
		C74DF9EA27F6F8BA00DDB5FA /* Country+CoreDataProperties.swift in Sources */ = {isa = PBXBuildFile; fileRef = C74DF9E627F6F8BA00DDB5FA /* Country+CoreDataProperties.swift */; };
		C74DF9EB27F6F8BA00DDB5FA /* Candy+CoreDataClass.swift in Sources */ = {isa = PBXBuildFile; fileRef = C74DF9E727F6F8BA00DDB5FA /* Candy+CoreDataClass.swift */; };
		C74DF9EC27F6F8BA00DDB5FA /* Candy+CoreDataProperties.swift in Sources */ = {isa = PBXBuildFile; fileRef = C74DF9E827F6F8BA00DDB5FA /* Candy+CoreDataProperties.swift */; };
/* End PBXBuildFile section */

/* Begin PBXContainerItemProxy section */
		C74DF9B927F6E39700DDB5FA /* PBXContainerItemProxy */ = {
			isa = PBXContainerItemProxy;
			containerPortal = C74DF99B27F6E39600DDB5FA /* Project object */;
			proxyType = 1;
			remoteGlobalIDString = C74DF9A227F6E39600DDB5FA;
			remoteInfo = StudyUI2;
		};
		C74DF9C327F6E39700DDB5FA /* PBXContainerItemProxy */ = {
			isa = PBXContainerItemProxy;
			containerPortal = C74DF99B27F6E39600DDB5FA /* Project object */;
			proxyType = 1;
			remoteGlobalIDString = C74DF9A227F6E39600DDB5FA;
			remoteInfo = StudyUI2;
		};
/* End PBXContainerItemProxy section */

/* Begin PBXFileReference section */
		C74DF9A327F6E39600DDB5FA /* StudyUI2.app */ = {isa = PBXFileReference; explicitFileType = wrapper.application; includeInIndex = 0; path = StudyUI2.app; sourceTree = BUILT_PRODUCTS_DIR; };
		C74DF9A627F6E39600DDB5FA /* StudyUI2App.swift */ = {isa = PBXFileReference; lastKnownFileType = sourcecode.swift; path = StudyUI2App.swift; sourceTree = "<group>"; };
		C74DF9A827F6E39600DDB5FA /* ContentView.swift */ = {isa = PBXFileReference; lastKnownFileType = sourcecode.swift; path = ContentView.swift; sourceTree = "<group>"; };
		C74DF9AA27F6E39700DDB5FA /* Assets.xcassets */ = {isa = PBXFileReference; lastKnownFileType = folder.assetcatalog; path = Assets.xcassets; sourceTree = "<group>"; };
		C74DF9AD27F6E39700DDB5FA /* Preview Assets.xcassets */ = {isa = PBXFileReference; lastKnownFileType = folder.assetcatalog; path = "Preview Assets.xcassets"; sourceTree = "<group>"; };
		C74DF9B227F6E39700DDB5FA /* StudyUI2.xcdatamodel */ = {isa = PBXFileReference; lastKnownFileType = wrapper.xcdatamodel; path = StudyUI2.xcdatamodel; sourceTree = "<group>"; };
		C74DF9B827F6E39700DDB5FA /* StudyUI2Tests.xctest */ = {isa = PBXFileReference; explicitFileType = wrapper.cfbundle; includeInIndex = 0; path = StudyUI2Tests.xctest; sourceTree = BUILT_PRODUCTS_DIR; };
		C74DF9BC27F6E39700DDB5FA /* StudyUI2Tests.swift */ = {isa = PBXFileReference; lastKnownFileType = sourcecode.swift; path = StudyUI2Tests.swift; sourceTree = "<group>"; };
		C74DF9C227F6E39700DDB5FA /* StudyUI2UITests.xctest */ = {isa = PBXFileReference; explicitFileType = wrapper.cfbundle; includeInIndex = 0; path = StudyUI2UITests.xctest; sourceTree = BUILT_PRODUCTS_DIR; };
		C74DF9C627F6E39700DDB5FA /* StudyUI2UITests.swift */ = {isa = PBXFileReference; lastKnownFileType = sourcecode.swift; path = StudyUI2UITests.swift; sourceTree = "<group>"; };
		C74DF9C827F6E39700DDB5FA /* StudyUI2UITestsLaunchTests.swift */ = {isa = PBXFileReference; lastKnownFileType = sourcecode.swift; path = StudyUI2UITestsLaunchTests.swift; sourceTree = "<group>"; };
		C74DF9D527F6E76800DDB5FA /* Movie+CoreDataClass.swift */ = {isa = PBXFileReference; lastKnownFileType = sourcecode.swift; path = "Movie+CoreDataClass.swift"; sourceTree = "<group>"; };
		C74DF9D627F6E76800DDB5FA /* Movie+CoreDataProperties.swift */ = {isa = PBXFileReference; lastKnownFileType = sourcecode.swift; path = "Movie+CoreDataProperties.swift"; sourceTree = "<group>"; };
		C74DF9D927F6EC0E00DDB5FA /* DataController.swift */ = {isa = PBXFileReference; lastKnownFileType = sourcecode.swift; path = DataController.swift; sourceTree = "<group>"; };
		C74DF9E127F6F45F00DDB5FA /* Singer+CoreDataClass.swift */ = {isa = PBXFileReference; lastKnownFileType = sourcecode.swift; path = "Singer+CoreDataClass.swift"; sourceTree = "<group>"; };
		C74DF9E227F6F45F00DDB5FA /* Singer+CoreDataProperties.swift */ = {isa = PBXFileReference; lastKnownFileType = sourcecode.swift; path = "Singer+CoreDataProperties.swift"; sourceTree = "<group>"; };
		C74DF9E527F6F8BA00DDB5FA /* Country+CoreDataClass.swift */ = {isa = PBXFileReference; lastKnownFileType = sourcecode.swift; path = "Country+CoreDataClass.swift"; sourceTree = "<group>"; };
		C74DF9E627F6F8BA00DDB5FA /* Country+CoreDataProperties.swift */ = {isa = PBXFileReference; lastKnownFileType = sourcecode.swift; path = "Country+CoreDataProperties.swift"; sourceTree = "<group>"; };
		C74DF9E727F6F8BA00DDB5FA /* Candy+CoreDataClass.swift */ = {isa = PBXFileReference; lastKnownFileType = sourcecode.swift; path = "Candy+CoreDataClass.swift"; sourceTree = "<group>"; };
		C74DF9E827F6F8BA00DDB5FA /* Candy+CoreDataProperties.swift */ = {isa = PBXFileReference; lastKnownFileType = sourcecode.swift; path = "Candy+CoreDataProperties.swift"; sourceTree = "<group>"; };
/* End PBXFileReference section */

/* Begin PBXFrameworksBuildPhase section */
		C74DF9A027F6E39600DDB5FA /* Frameworks */ = {
			isa = PBXFrameworksBuildPhase;
			buildActionMask = 2147483647;
			files = (
			);
			runOnlyForDeploymentPostprocessing = 0;
		};
		C74DF9B527F6E39700DDB5FA /* Frameworks */ = {
			isa = PBXFrameworksBuildPhase;
			buildActionMask = 2147483647;
			files = (
			);
			runOnlyForDeploymentPostprocessing = 0;
		};
		C74DF9BF27F6E39700DDB5FA /* Frameworks */ = {
			isa = PBXFrameworksBuildPhase;
			buildActionMask = 2147483647;
			files = (
			);
			runOnlyForDeploymentPostprocessing = 0;
		};
/* End PBXFrameworksBuildPhase section */

/* Begin PBXGroup section */
		C74DF99A27F6E39600DDB5FA = {
			isa = PBXGroup;
			children = (
				C74DF9E527F6F8BA00DDB5FA /* Country+CoreDataClass.swift */,
				C74DF9E627F6F8BA00DDB5FA /* Country+CoreDataProperties.swift */,
				C74DF9E727F6F8BA00DDB5FA /* Candy+CoreDataClass.swift */,
				C74DF9E827F6F8BA00DDB5FA /* Candy+CoreDataProperties.swift */,
				C74DF9E127F6F45F00DDB5FA /* Singer+CoreDataClass.swift */,
				C74DF9E227F6F45F00DDB5FA /* Singer+CoreDataProperties.swift */,
				C74DF9D527F6E76800DDB5FA /* Movie+CoreDataClass.swift */,
				C74DF9D627F6E76800DDB5FA /* Movie+CoreDataProperties.swift */,
				C74DF9A527F6E39600DDB5FA /* StudyUI2 */,
				C74DF9BB27F6E39700DDB5FA /* StudyUI2Tests */,
				C74DF9C527F6E39700DDB5FA /* StudyUI2UITests */,
				C74DF9A427F6E39600DDB5FA /* Products */,
			);
			sourceTree = "<group>";
		};
		C74DF9A427F6E39600DDB5FA /* Products */ = {
			isa = PBXGroup;
			children = (
				C74DF9A327F6E39600DDB5FA /* StudyUI2.app */,
				C74DF9B827F6E39700DDB5FA /* StudyUI2Tests.xctest */,
				C74DF9C227F6E39700DDB5FA /* StudyUI2UITests.xctest */,
			);
			name = Products;
			sourceTree = "<group>";
		};
		C74DF9A527F6E39600DDB5FA /* StudyUI2 */ = {
			isa = PBXGroup;
			children = (
				C74DF9A627F6E39600DDB5FA /* StudyUI2App.swift */,
				C74DF9A827F6E39600DDB5FA /* ContentView.swift */,
				C74DF9D927F6EC0E00DDB5FA /* DataController.swift */,
				C74DF9AA27F6E39700DDB5FA /* Assets.xcassets */,
				C74DF9B127F6E39700DDB5FA /* StudyUI2.xcdatamodeld */,
				C74DF9AC27F6E39700DDB5FA /* Preview Content */,
			);
			path = StudyUI2;
			sourceTree = "<group>";
		};
		C74DF9AC27F6E39700DDB5FA /* Preview Content */ = {
			isa = PBXGroup;
			children = (
				C74DF9AD27F6E39700DDB5FA /* Preview Assets.xcassets */,
			);
			path = "Preview Content";
			sourceTree = "<group>";
		};
		C74DF9BB27F6E39700DDB5FA /* StudyUI2Tests */ = {
			isa = PBXGroup;
			children = (
				C74DF9BC27F6E39700DDB5FA /* StudyUI2Tests.swift */,
			);
			path = StudyUI2Tests;
			sourceTree = "<group>";
		};
		C74DF9C527F6E39700DDB5FA /* StudyUI2UITests */ = {
			isa = PBXGroup;
			children = (
				C74DF9C627F6E39700DDB5FA /* StudyUI2UITests.swift */,
				C74DF9C827F6E39700DDB5FA /* StudyUI2UITestsLaunchTests.swift */,
			);
			path = StudyUI2UITests;
			sourceTree = "<group>";
		};
/* End PBXGroup section */

/* Begin PBXNativeTarget section */
		C74DF9A227F6E39600DDB5FA /* StudyUI2 */ = {
			isa = PBXNativeTarget;
			buildConfigurationList = C74DF9CC27F6E39700DDB5FA /* Build configuration list for PBXNativeTarget "StudyUI2" */;
			buildPhases = (
				C74DF99F27F6E39600DDB5FA /* Sources */,
				C74DF9A027F6E39600DDB5FA /* Frameworks */,
				C74DF9A127F6E39600DDB5FA /* Resources */,
			);
			buildRules = (
			);
			dependencies = (
			);
			name = StudyUI2;
			productName = StudyUI2;
			productReference = C74DF9A327F6E39600DDB5FA /* StudyUI2.app */;
			productType = "com.apple.product-type.application";
		};
		C74DF9B727F6E39700DDB5FA /* StudyUI2Tests */ = {
			isa = PBXNativeTarget;
			buildConfigurationList = C74DF9CF27F6E39700DDB5FA /* Build configuration list for PBXNativeTarget "StudyUI2Tests" */;
			buildPhases = (
				C74DF9B427F6E39700DDB5FA /* Sources */,
				C74DF9B527F6E39700DDB5FA /* Frameworks */,
				C74DF9B627F6E39700DDB5FA /* Resources */,
			);
			buildRules = (
			);
			dependencies = (
				C74DF9BA27F6E39700DDB5FA /* PBXTargetDependency */,
			);
			name = StudyUI2Tests;
			productName = StudyUI2Tests;
			productReference = C74DF9B827F6E39700DDB5FA /* StudyUI2Tests.xctest */;
			productType = "com.apple.product-type.bundle.unit-test";
		};
		C74DF9C127F6E39700DDB5FA /* StudyUI2UITests */ = {
			isa = PBXNativeTarget;
			buildConfigurationList = C74DF9D227F6E39700DDB5FA /* Build configuration list for PBXNativeTarget "StudyUI2UITests" */;
			buildPhases = (
				C74DF9BE27F6E39700DDB5FA /* Sources */,
				C74DF9BF27F6E39700DDB5FA /* Frameworks */,
				C74DF9C027F6E39700DDB5FA /* Resources */,
			);
			buildRules = (
			);
			dependencies = (
				C74DF9C427F6E39700DDB5FA /* PBXTargetDependency */,
			);
			name = StudyUI2UITests;
			productName = StudyUI2UITests;
			productReference = C74DF9C227F6E39700DDB5FA /* StudyUI2UITests.xctest */;
			productType = "com.apple.product-type.bundle.ui-testing";
		};
/* End PBXNativeTarget section */

/* Begin PBXProject section */
		C74DF99B27F6E39600DDB5FA /* Project object */ = {
			isa = PBXProject;
			attributes = {
				BuildIndependentTargetsInParallel = 1;
				LastSwiftUpdateCheck = 1330;
				LastUpgradeCheck = 1330;
				TargetAttributes = {
					C74DF9A227F6E39600DDB5FA = {
						CreatedOnToolsVersion = 13.3;
					};
					C74DF9B727F6E39700DDB5FA = {
						CreatedOnToolsVersion = 13.3;
						TestTargetID = C74DF9A227F6E39600DDB5FA;
					};
					C74DF9C127F6E39700DDB5FA = {
						CreatedOnToolsVersion = 13.3;
						TestTargetID = C74DF9A227F6E39600DDB5FA;
					};
				};
			};
			buildConfigurationList = C74DF99E27F6E39600DDB5FA /* Build configuration list for PBXProject "StudyUI2" */;
			compatibilityVersion = "Xcode 13.0";
			developmentRegion = en;
			hasScannedForEncodings = 0;
			knownRegions = (
				en,
				Base,
			);
			mainGroup = C74DF99A27F6E39600DDB5FA;
			productRefGroup = C74DF9A427F6E39600DDB5FA /* Products */;
			projectDirPath = "";
			projectRoot = "";
			targets = (
				C74DF9A227F6E39600DDB5FA /* StudyUI2 */,
				C74DF9B727F6E39700DDB5FA /* StudyUI2Tests */,
				C74DF9C127F6E39700DDB5FA /* StudyUI2UITests */,
			);
		};
/* End PBXProject section */

/* Begin PBXResourcesBuildPhase section */
		C74DF9A127F6E39600DDB5FA /* Resources */ = {
			isa = PBXResourcesBuildPhase;
			buildActionMask = 2147483647;
			files = (
				C74DF9AE27F6E39700DDB5FA /* Preview Assets.xcassets in Resources */,
				C74DF9AB27F6E39700DDB5FA /* Assets.xcassets in Resources */,
			);
			runOnlyForDeploymentPostprocessing = 0;
		};
		C74DF9B627F6E39700DDB5FA /* Resources */ = {
			isa = PBXResourcesBuildPhase;
			buildActionMask = 2147483647;
			files = (
			);
			runOnlyForDeploymentPostprocessing = 0;
		};
		C74DF9C027F6E39700DDB5FA /* Resources */ = {
			isa = PBXResourcesBuildPhase;
			buildActionMask = 2147483647;
			files = (
			);
			runOnlyForDeploymentPostprocessing = 0;
		};
/* End PBXResourcesBuildPhase section */

/* Begin PBXSourcesBuildPhase section */
		C74DF99F27F6E39600DDB5FA /* Sources */ = {
			isa = PBXSourcesBuildPhase;
			buildActionMask = 2147483647;
			files = (
				C74DF9EA27F6F8BA00DDB5FA /* Country+CoreDataProperties.swift in Sources */,
				C74DF9E327F6F45F00DDB5FA /* Singer+CoreDataClass.swift in Sources */,
				C74DF9D727F6E76800DDB5FA /* Movie+CoreDataClass.swift in Sources */,
				C74DF9EC27F6F8BA00DDB5FA /* Candy+CoreDataProperties.swift in Sources */,
				C74DF9DA27F6EC0E00DDB5FA /* DataController.swift in Sources */,
				C74DF9EB27F6F8BA00DDB5FA /* Candy+CoreDataClass.swift in Sources */,
				C74DF9D827F6E76800DDB5FA /* Movie+CoreDataProperties.swift in Sources */,
				C74DF9A927F6E39600DDB5FA /* ContentView.swift in Sources */,
				C74DF9E427F6F45F00DDB5FA /* Singer+CoreDataProperties.swift in Sources */,
				C74DF9B327F6E39700DDB5FA /* StudyUI2.xcdatamodeld in Sources */,
				C74DF9A727F6E39600DDB5FA /* StudyUI2App.swift in Sources */,
				C74DF9E927F6F8BA00DDB5FA /* Country+CoreDataClass.swift in Sources */,
			);
			runOnlyForDeploymentPostprocessing = 0;
		};
		C74DF9B427F6E39700DDB5FA /* Sources */ = {
			isa = PBXSourcesBuildPhase;
			buildActionMask = 2147483647;
			files = (
				C74DF9BD27F6E39700DDB5FA /* StudyUI2Tests.swift in Sources */,
			);
			runOnlyForDeploymentPostprocessing = 0;
		};
		C74DF9BE27F6E39700DDB5FA /* Sources */ = {
			isa = PBXSourcesBuildPhase;
			buildActionMask = 2147483647;
			files = (
				C74DF9C927F6E39700DDB5FA /* StudyUI2UITestsLaunchTests.swift in Sources */,
				C74DF9C727F6E39700DDB5FA /* StudyUI2UITests.swift in Sources */,
			);
			runOnlyForDeploymentPostprocessing = 0;
		};
/* End PBXSourcesBuildPhase section */

/* Begin PBXTargetDependency section */
		C74DF9BA27F6E39700DDB5FA /* PBXTargetDependency */ = {
			isa = PBXTargetDependency;
			target = C74DF9A227F6E39600DDB5FA /* StudyUI2 */;
			targetProxy = C74DF9B927F6E39700DDB5FA /* PBXContainerItemProxy */;
		};
		C74DF9C427F6E39700DDB5FA /* PBXTargetDependency */ = {
			isa = PBXTargetDependency;
			target = C74DF9A227F6E39600DDB5FA /* StudyUI2 */;
			targetProxy = C74DF9C327F6E39700DDB5FA /* PBXContainerItemProxy */;
		};
/* End PBXTargetDependency section */

/* Begin XCBuildConfiguration section */
		C74DF9CA27F6E39700DDB5FA /* Debug */ = {
			isa = XCBuildConfiguration;
			buildSettings = {
				ALWAYS_SEARCH_USER_PATHS = NO;
				CLANG_ANALYZER_NONNULL = YES;
				CLANG_ANALYZER_NUMBER_OBJECT_CONVERSION = YES_AGGRESSIVE;
				CLANG_CXX_LANGUAGE_STANDARD = "gnu++17";
				CLANG_ENABLE_MODULES = YES;
				CLANG_ENABLE_OBJC_ARC = YES;
				CLANG_ENABLE_OBJC_WEAK = YES;
				CLANG_WARN_BLOCK_CAPTURE_AUTORELEASING = YES;
				CLANG_WARN_BOOL_CONVERSION = YES;
				CLANG_WARN_COMMA = YES;
				CLANG_WARN_CONSTANT_CONVERSION = YES;
				CLANG_WARN_DEPRECATED_OBJC_IMPLEMENTATIONS = YES;
				CLANG_WARN_DIRECT_OBJC_ISA_USAGE = YES_ERROR;
				CLANG_WARN_DOCUMENTATION_COMMENTS = YES;
				CLANG_WARN_EMPTY_BODY = YES;
				CLANG_WARN_ENUM_CONVERSION = YES;
				CLANG_WARN_INFINITE_RECURSION = YES;
				CLANG_WARN_INT_CONVERSION = YES;
				CLANG_WARN_NON_LITERAL_NULL_CONVERSION = YES;
				CLANG_WARN_OBJC_IMPLICIT_RETAIN_SELF = YES;
				CLANG_WARN_OBJC_LITERAL_CONVERSION = YES;
				CLANG_WARN_OBJC_ROOT_CLASS = YES_ERROR;
				CLANG_WARN_QUOTED_INCLUDE_IN_FRAMEWORK_HEADER = YES;
				CLANG_WARN_RANGE_LOOP_ANALYSIS = YES;
				CLANG_WARN_STRICT_PROTOTYPES = YES;
				CLANG_WARN_SUSPICIOUS_MOVE = YES;
				CLANG_WARN_UNGUARDED_AVAILABILITY = YES_AGGRESSIVE;
				CLANG_WARN_UNREACHABLE_CODE = YES;
				CLANG_WARN__DUPLICATE_METHOD_MATCH = YES;
				COPY_PHASE_STRIP = NO;
				DEBUG_INFORMATION_FORMAT = dwarf;
				ENABLE_STRICT_OBJC_MSGSEND = YES;
				ENABLE_TESTABILITY = YES;
				GCC_C_LANGUAGE_STANDARD = gnu11;
				GCC_DYNAMIC_NO_PIC = NO;
				GCC_NO_COMMON_BLOCKS = YES;
				GCC_OPTIMIZATION_LEVEL = 0;
				GCC_PREPROCESSOR_DEFINITIONS = (
					"DEBUG=1",
					"$(inherited)",
				);
				GCC_WARN_64_TO_32_BIT_CONVERSION = YES;
				GCC_WARN_ABOUT_RETURN_TYPE = YES_ERROR;
				GCC_WARN_UNDECLARED_SELECTOR = YES;
				GCC_WARN_UNINITIALIZED_AUTOS = YES_AGGRESSIVE;
				GCC_WARN_UNUSED_FUNCTION = YES;
				GCC_WARN_UNUSED_VARIABLE = YES;
				IPHONEOS_DEPLOYMENT_TARGET = 15.0;
				MTL_ENABLE_DEBUG_INFO = INCLUDE_SOURCE;
				MTL_FAST_MATH = YES;
				ONLY_ACTIVE_ARCH = YES;
				SDKROOT = iphoneos;
				SWIFT_ACTIVE_COMPILATION_CONDITIONS = DEBUG;
				SWIFT_OPTIMIZATION_LEVEL = "-Onone";
			};
			name = Debug;
		};
		C74DF9CB27F6E39700DDB5FA /* Release */ = {
			isa = XCBuildConfiguration;
			buildSettings = {
				ALWAYS_SEARCH_USER_PATHS = NO;
				CLANG_ANALYZER_NONNULL = YES;
				CLANG_ANALYZER_NUMBER_OBJECT_CONVERSION = YES_AGGRESSIVE;
				CLANG_CXX_LANGUAGE_STANDARD = "gnu++17";
				CLANG_ENABLE_MODULES = YES;
				CLANG_ENABLE_OBJC_ARC = YES;
				CLANG_ENABLE_OBJC_WEAK = YES;
				CLANG_WARN_BLOCK_CAPTURE_AUTORELEASING = YES;
				CLANG_WARN_BOOL_CONVERSION = YES;
				CLANG_WARN_COMMA = YES;
				CLANG_WARN_CONSTANT_CONVERSION = YES;
				CLANG_WARN_DEPRECATED_OBJC_IMPLEMENTATIONS = YES;
				CLANG_WARN_DIRECT_OBJC_ISA_USAGE = YES_ERROR;
				CLANG_WARN_DOCUMENTATION_COMMENTS = YES;
				CLANG_WARN_EMPTY_BODY = YES;
				CLANG_WARN_ENUM_CONVERSION = YES;
				CLANG_WARN_INFINITE_RECURSION = YES;
				CLANG_WARN_INT_CONVERSION = YES;
				CLANG_WARN_NON_LITERAL_NULL_CONVERSION = YES;
				CLANG_WARN_OBJC_IMPLICIT_RETAIN_SELF = YES;
				CLANG_WARN_OBJC_LITERAL_CONVERSION = YES;
				CLANG_WARN_OBJC_ROOT_CLASS = YES_ERROR;
				CLANG_WARN_QUOTED_INCLUDE_IN_FRAMEWORK_HEADER = YES;
				CLANG_WARN_RANGE_LOOP_ANALYSIS = YES;
				CLANG_WARN_STRICT_PROTOTYPES = YES;
				CLANG_WARN_SUSPICIOUS_MOVE = YES;
				CLANG_WARN_UNGUARDED_AVAILABILITY = YES_AGGRESSIVE;
				CLANG_WARN_UNREACHABLE_CODE = YES;
				CLANG_WARN__DUPLICATE_METHOD_MATCH = YES;
				COPY_PHASE_STRIP = NO;
				DEBUG_INFORMATION_FORMAT = "dwarf-with-dsym";
				ENABLE_NS_ASSERTIONS = NO;
				ENABLE_STRICT_OBJC_MSGSEND = YES;
				GCC_C_LANGUAGE_STANDARD = gnu11;
				GCC_NO_COMMON_BLOCKS = YES;
				GCC_WARN_64_TO_32_BIT_CONVERSION = YES;
				GCC_WARN_ABOUT_RETURN_TYPE = YES_ERROR;
				GCC_WARN_UNDECLARED_SELECTOR = YES;
				GCC_WARN_UNINITIALIZED_AUTOS = YES_AGGRESSIVE;
				GCC_WARN_UNUSED_FUNCTION = YES;
				GCC_WARN_UNUSED_VARIABLE = YES;
				IPHONEOS_DEPLOYMENT_TARGET = 15.0;
				MTL_ENABLE_DEBUG_INFO = NO;
				MTL_FAST_MATH = YES;
				SDKROOT = iphoneos;
				SWIFT_COMPILATION_MODE = wholemodule;
				SWIFT_OPTIMIZATION_LEVEL = "-O";
				VALIDATE_PRODUCT = YES;
			};
			name = Release;
		};
		C74DF9CD27F6E39700DDB5FA /* Debug */ = {
			isa = XCBuildConfiguration;
			buildSettings = {
				ASSETCATALOG_COMPILER_APPICON_NAME = AppIcon;
				ASSETCATALOG_COMPILER_GLOBAL_ACCENT_COLOR_NAME = AccentColor;
				CODE_SIGN_STYLE = Automatic;
				CURRENT_PROJECT_VERSION = 1;
				DEVELOPMENT_ASSET_PATHS = "\"StudyUI2/Preview Content\"";
				DEVELOPMENT_TEAM = Z629PZ4XVL;
				ENABLE_PREVIEWS = YES;
				GENERATE_INFOPLIST_FILE = YES;
				INFOPLIST_KEY_UIApplicationSceneManifest_Generation = YES;
				INFOPLIST_KEY_UIApplicationSupportsIndirectInputEvents = YES;
				INFOPLIST_KEY_UILaunchScreen_Generation = YES;
				INFOPLIST_KEY_UISupportedInterfaceOrientations_iPad = "UIInterfaceOrientationPortrait UIInterfaceOrientationPortraitUpsideDown UIInterfaceOrientationLandscapeLeft UIInterfaceOrientationLandscapeRight";
				INFOPLIST_KEY_UISupportedInterfaceOrientations_iPhone = "UIInterfaceOrientationPortrait UIInterfaceOrientationLandscapeLeft UIInterfaceOrientationLandscapeRight";
				IPHONEOS_DEPLOYMENT_TARGET = 15.0;
				LD_RUNPATH_SEARCH_PATHS = (
					"$(inherited)",
					"@executable_path/Frameworks",
				);
				MARKETING_VERSION = 1.0;
				PRODUCT_BUNDLE_IDENTIFIER = com.moonjs.StudyUI2;
				PRODUCT_NAME = "$(TARGET_NAME)";
				SWIFT_EMIT_LOC_STRINGS = YES;
				SWIFT_VERSION = 5.0;
				TARGETED_DEVICE_FAMILY = "1,2";
			};
			name = Debug;
		};
		C74DF9CE27F6E39700DDB5FA /* Release */ = {
			isa = XCBuildConfiguration;
			buildSettings = {
				ASSETCATALOG_COMPILER_APPICON_NAME = AppIcon;
				ASSETCATALOG_COMPILER_GLOBAL_ACCENT_COLOR_NAME = AccentColor;
				CODE_SIGN_STYLE = Automatic;
				CURRENT_PROJECT_VERSION = 1;
				DEVELOPMENT_ASSET_PATHS = "\"StudyUI2/Preview Content\"";
				DEVELOPMENT_TEAM = Z629PZ4XVL;
				ENABLE_PREVIEWS = YES;
				GENERATE_INFOPLIST_FILE = YES;
				INFOPLIST_KEY_UIApplicationSceneManifest_Generation = YES;
				INFOPLIST_KEY_UIApplicationSupportsIndirectInputEvents = YES;
				INFOPLIST_KEY_UILaunchScreen_Generation = YES;
				INFOPLIST_KEY_UISupportedInterfaceOrientations_iPad = "UIInterfaceOrientationPortrait UIInterfaceOrientationPortraitUpsideDown UIInterfaceOrientationLandscapeLeft UIInterfaceOrientationLandscapeRight";
				INFOPLIST_KEY_UISupportedInterfaceOrientations_iPhone = "UIInterfaceOrientationPortrait UIInterfaceOrientationLandscapeLeft UIInterfaceOrientationLandscapeRight";
				IPHONEOS_DEPLOYMENT_TARGET = 15.0;
				LD_RUNPATH_SEARCH_PATHS = (
					"$(inherited)",
					"@executable_path/Frameworks",
				);
				MARKETING_VERSION = 1.0;
				PRODUCT_BUNDLE_IDENTIFIER = com.moonjs.StudyUI2;
				PRODUCT_NAME = "$(TARGET_NAME)";
				SWIFT_EMIT_LOC_STRINGS = YES;
				SWIFT_VERSION = 5.0;
				TARGETED_DEVICE_FAMILY = "1,2";
			};
			name = Release;
		};
		C74DF9D027F6E39700DDB5FA /* Debug */ = {
			isa = XCBuildConfiguration;
			buildSettings = {
				ALWAYS_EMBED_SWIFT_STANDARD_LIBRARIES = YES;
				BUNDLE_LOADER = "$(TEST_HOST)";
				CODE_SIGN_STYLE = Automatic;
				CURRENT_PROJECT_VERSION = 1;
				DEVELOPMENT_TEAM = Z629PZ4XVL;
				GENERATE_INFOPLIST_FILE = YES;
				IPHONEOS_DEPLOYMENT_TARGET = 15.4;
				MARKETING_VERSION = 1.0;
				PRODUCT_BUNDLE_IDENTIFIER = com.moonjs.StudyUI2Tests;
				PRODUCT_NAME = "$(TARGET_NAME)";
				SWIFT_EMIT_LOC_STRINGS = NO;
				SWIFT_VERSION = 5.0;
				TARGETED_DEVICE_FAMILY = "1,2";
				TEST_HOST = "$(BUILT_PRODUCTS_DIR)/StudyUI2.app/StudyUI2";
			};
			name = Debug;
		};
		C74DF9D127F6E39700DDB5FA /* Release */ = {
			isa = XCBuildConfiguration;
			buildSettings = {
				ALWAYS_EMBED_SWIFT_STANDARD_LIBRARIES = YES;
				BUNDLE_LOADER = "$(TEST_HOST)";
				CODE_SIGN_STYLE = Automatic;
				CURRENT_PROJECT_VERSION = 1;
				DEVELOPMENT_TEAM = Z629PZ4XVL;
				GENERATE_INFOPLIST_FILE = YES;
				IPHONEOS_DEPLOYMENT_TARGET = 15.4;
				MARKETING_VERSION = 1.0;
				PRODUCT_BUNDLE_IDENTIFIER = com.moonjs.StudyUI2Tests;
				PRODUCT_NAME = "$(TARGET_NAME)";
				SWIFT_EMIT_LOC_STRINGS = NO;
				SWIFT_VERSION = 5.0;
				TARGETED_DEVICE_FAMILY = "1,2";
				TEST_HOST = "$(BUILT_PRODUCTS_DIR)/StudyUI2.app/StudyUI2";
			};
			name = Release;
		};
		C74DF9D327F6E39700DDB5FA /* Debug */ = {
			isa = XCBuildConfiguration;
			buildSettings = {
				ALWAYS_EMBED_SWIFT_STANDARD_LIBRARIES = YES;
				CODE_SIGN_STYLE = Automatic;
				CURRENT_PROJECT_VERSION = 1;
				DEVELOPMENT_TEAM = Z629PZ4XVL;
				GENERATE_INFOPLIST_FILE = YES;
				MARKETING_VERSION = 1.0;
				PRODUCT_BUNDLE_IDENTIFIER = com.moonjs.StudyUI2UITests;
				PRODUCT_NAME = "$(TARGET_NAME)";
				SWIFT_EMIT_LOC_STRINGS = NO;
				SWIFT_VERSION = 5.0;
				TARGETED_DEVICE_FAMILY = "1,2";
				TEST_TARGET_NAME = StudyUI2;
			};
			name = Debug;
		};
		C74DF9D427F6E39700DDB5FA /* Release */ = {
			isa = XCBuildConfiguration;
			buildSettings = {
				ALWAYS_EMBED_SWIFT_STANDARD_LIBRARIES = YES;
				CODE_SIGN_STYLE = Automatic;
				CURRENT_PROJECT_VERSION = 1;
				DEVELOPMENT_TEAM = Z629PZ4XVL;
				GENERATE_INFOPLIST_FILE = YES;
				MARKETING_VERSION = 1.0;
				PRODUCT_BUNDLE_IDENTIFIER = com.moonjs.StudyUI2UITests;
				PRODUCT_NAME = "$(TARGET_NAME)";
				SWIFT_EMIT_LOC_STRINGS = NO;
				SWIFT_VERSION = 5.0;
				TARGETED_DEVICE_FAMILY = "1,2";
				TEST_TARGET_NAME = StudyUI2;
			};
			name = Release;
		};
/* End XCBuildConfiguration section */

/* Begin XCConfigurationList section */
		C74DF99E27F6E39600DDB5FA /* Build configuration list for PBXProject "StudyUI2" */ = {
			isa = XCConfigurationList;
			buildConfigurations = (
				C74DF9CA27F6E39700DDB5FA /* Debug */,
				C74DF9CB27F6E39700DDB5FA /* Release */,
			);
			defaultConfigurationIsVisible = 0;
			defaultConfigurationName = Release;
		};
		C74DF9CC27F6E39700DDB5FA /* Build configuration list for PBXNativeTarget "StudyUI2" */ = {
			isa = XCConfigurationList;
			buildConfigurations = (
				C74DF9CD27F6E39700DDB5FA /* Debug */,
				C74DF9CE27F6E39700DDB5FA /* Release */,
			);
			defaultConfigurationIsVisible = 0;
			defaultConfigurationName = Release;
		};
		C74DF9CF27F6E39700DDB5FA /* Build configuration list for PBXNativeTarget "StudyUI2Tests" */ = {
			isa = XCConfigurationList;
			buildConfigurations = (
				C74DF9D027F6E39700DDB5FA /* Debug */,
				C74DF9D127F6E39700DDB5FA /* Release */,
			);
			defaultConfigurationIsVisible = 0;
			defaultConfigurationName = Release;
		};
		C74DF9D227F6E39700DDB5FA /* Build configuration list for PBXNativeTarget "StudyUI2UITests" */ = {
			isa = XCConfigurationList;
			buildConfigurations = (
				C74DF9D327F6E39700DDB5FA /* Debug */,
				C74DF9D427F6E39700DDB5FA /* Release */,
			);
			defaultConfigurationIsVisible = 0;
			defaultConfigurationName = Release;
		};
/* End XCConfigurationList section */

/* Begin XCVersionGroup section */
		C74DF9B127F6E39700DDB5FA /* StudyUI2.xcdatamodeld */ = {
			isa = XCVersionGroup;
			children = (
				C74DF9B227F6E39700DDB5FA /* StudyUI2.xcdatamodel */,
			);
			currentVersion = C74DF9B227F6E39700DDB5FA /* StudyUI2.xcdatamodel */;
			path = StudyUI2.xcdatamodeld;
			sourceTree = "<group>";
			versionGroupType = wrapper.xcdatamodel;
		};
/* End XCVersionGroup section */
	};
	rootObject = C74DF99B27F6E39600DDB5FA /* Project object */;
}
