// !$*UTF8*$!
{
	archiveVersion = 1;
	classes = {
	};
	objectVersion = 56;
	objects = {

/* Begin PBXBuildFile section */
		C7184FE82CB6839F00C6D12A /* AirbnbCloneApp.swift in Sources */ = {isa = PBXBuildFile; fileRef = C7184FE72CB6839F00C6D12A /* AirbnbCloneApp.swift */; };
		C7184FEA2CB6839F00C6D12A /* ContentView.swift in Sources */ = {isa = PBXBuildFile; fileRef = C7184FE92CB6839F00C6D12A /* ContentView.swift */; };
		C7184FEC2CB683A000C6D12A /* Assets.xcassets in Resources */ = {isa = PBXBuildFile; fileRef = C7184FEB2CB683A000C6D12A /* Assets.xcassets */; };
		C7184FEF2CB683A000C6D12A /* Preview Assets.xcassets in Resources */ = {isa = PBXBuildFile; fileRef = C7184FEE2CB683A000C6D12A /* Preview Assets.xcassets */; };
		C7184FF92CB683A000C6D12A /* AirbnbCloneTests.swift in Sources */ = {isa = PBXBuildFile; fileRef = C7184FF82CB683A000C6D12A /* AirbnbCloneTests.swift */; };
		C71850032CB683A000C6D12A /* AirbnbCloneUITests.swift in Sources */ = {isa = PBXBuildFile; fileRef = C71850022CB683A000C6D12A /* AirbnbCloneUITests.swift */; };
		C71850052CB683A000C6D12A /* AirbnbCloneUITestsLaunchTests.swift in Sources */ = {isa = PBXBuildFile; fileRef = C71850042CB683A000C6D12A /* AirbnbCloneUITestsLaunchTests.swift */; };
		C7762BD52CB7DFE200436780 /* ExploreView.swift in Sources */ = {isa = PBXBuildFile; fileRef = C7762BD42CB7DFE200436780 /* ExploreView.swift */; };
		C7762BD72CB7E09A00436780 /* ListingItemView.swift in Sources */ = {isa = PBXBuildFile; fileRef = C7762BD62CB7E09A00436780 /* ListingItemView.swift */; };
		C7762C1D2CB7ECC600436780 /* Listing.swift in Sources */ = {isa = PBXBuildFile; fileRef = C7762C1C2CB7ECC600436780 /* Listing.swift */; };
		C7762C222CB7EE7E00436780 /* Listing_Mock.json in Resources */ = {isa = PBXBuildFile; fileRef = C7762C212CB7EE7E00436780 /* Listing_Mock.json */; };
		C7762C242CB7F1D500436780 /* SearchAndFilterBar.swift in Sources */ = {isa = PBXBuildFile; fileRef = C7762C232CB7F1D500436780 /* SearchAndFilterBar.swift */; };
		C7762C262CB808C900436780 /* ListingDetailView.swift in Sources */ = {isa = PBXBuildFile; fileRef = C7762C252CB808C900436780 /* ListingDetailView.swift */; };
		C7762C292CB80ACC00436780 /* ListingImageCarouselView.swift in Sources */ = {isa = PBXBuildFile; fileRef = C7762C282CB80ACC00436780 /* ListingImageCarouselView.swift */; };
		C7B8AC542CB959B60089E8C4 /* DestinationSearchView.swift in Sources */ = {isa = PBXBuildFile; fileRef = C7B8AC532CB959B60089E8C4 /* DestinationSearchView.swift */; };
		C7B8AC562CB95D350089E8C4 /* DestinationSearchOptions.swift in Sources */ = {isa = PBXBuildFile; fileRef = C7B8AC552CB95D350089E8C4 /* DestinationSearchOptions.swift */; };
		C7B8AC582CB966D00089E8C4 /* CollapsedPickerView.swift in Sources */ = {isa = PBXBuildFile; fileRef = C7B8AC572CB966D00089E8C4 /* CollapsedPickerView.swift */; };
		C7B8AC5A2CB967110089E8C4 /* CollapsibleDestinationViewModifier.swift in Sources */ = {isa = PBXBuildFile; fileRef = C7B8AC592CB967110089E8C4 /* CollapsibleDestinationViewModifier.swift */; };
		C7B8AC5C2CB969EF0089E8C4 /* ProfileView.swift in Sources */ = {isa = PBXBuildFile; fileRef = C7B8AC5B2CB969EF0089E8C4 /* ProfileView.swift */; };
		C7B8AC5E2CB96AC20089E8C4 /* ProfileOptionRowView.swift in Sources */ = {isa = PBXBuildFile; fileRef = C7B8AC5D2CB96AC20089E8C4 /* ProfileOptionRowView.swift */; };
		C7B8AC602CB96B810089E8C4 /* WishlistsView.swift in Sources */ = {isa = PBXBuildFile; fileRef = C7B8AC5F2CB96B810089E8C4 /* WishlistsView.swift */; };
		C7B8AC622CB96C660089E8C4 /* MainTabView.swift in Sources */ = {isa = PBXBuildFile; fileRef = C7B8AC612CB96C660089E8C4 /* MainTabView.swift */; };
/* End PBXBuildFile section */

/* Begin PBXContainerItemProxy section */
		C7184FF52CB683A000C6D12A /* PBXContainerItemProxy */ = {
			isa = PBXContainerItemProxy;
			containerPortal = C7184FDC2CB6839F00C6D12A /* Project object */;
			proxyType = 1;
			remoteGlobalIDString = C7184FE32CB6839F00C6D12A;
			remoteInfo = AirbnbClone;
		};
		C7184FFF2CB683A000C6D12A /* PBXContainerItemProxy */ = {
			isa = PBXContainerItemProxy;
			containerPortal = C7184FDC2CB6839F00C6D12A /* Project object */;
			proxyType = 1;
			remoteGlobalIDString = C7184FE32CB6839F00C6D12A;
			remoteInfo = AirbnbClone;
		};
/* End PBXContainerItemProxy section */

/* Begin PBXFileReference section */
		C7184FE42CB6839F00C6D12A /* AirbnbClone.app */ = {isa = PBXFileReference; explicitFileType = wrapper.application; includeInIndex = 0; path = AirbnbClone.app; sourceTree = BUILT_PRODUCTS_DIR; };
		C7184FE72CB6839F00C6D12A /* AirbnbCloneApp.swift */ = {isa = PBXFileReference; lastKnownFileType = sourcecode.swift; path = AirbnbCloneApp.swift; sourceTree = "<group>"; };
		C7184FE92CB6839F00C6D12A /* ContentView.swift */ = {isa = PBXFileReference; lastKnownFileType = sourcecode.swift; path = ContentView.swift; sourceTree = "<group>"; };
		C7184FEB2CB683A000C6D12A /* Assets.xcassets */ = {isa = PBXFileReference; lastKnownFileType = folder.assetcatalog; path = Assets.xcassets; sourceTree = "<group>"; };
		C7184FEE2CB683A000C6D12A /* Preview Assets.xcassets */ = {isa = PBXFileReference; lastKnownFileType = folder.assetcatalog; path = "Preview Assets.xcassets"; sourceTree = "<group>"; };
		C7184FF42CB683A000C6D12A /* AirbnbCloneTests.xctest */ = {isa = PBXFileReference; explicitFileType = wrapper.cfbundle; includeInIndex = 0; path = AirbnbCloneTests.xctest; sourceTree = BUILT_PRODUCTS_DIR; };
		C7184FF82CB683A000C6D12A /* AirbnbCloneTests.swift */ = {isa = PBXFileReference; lastKnownFileType = sourcecode.swift; path = AirbnbCloneTests.swift; sourceTree = "<group>"; };
		C7184FFE2CB683A000C6D12A /* AirbnbCloneUITests.xctest */ = {isa = PBXFileReference; explicitFileType = wrapper.cfbundle; includeInIndex = 0; path = AirbnbCloneUITests.xctest; sourceTree = BUILT_PRODUCTS_DIR; };
		C71850022CB683A000C6D12A /* AirbnbCloneUITests.swift */ = {isa = PBXFileReference; lastKnownFileType = sourcecode.swift; path = AirbnbCloneUITests.swift; sourceTree = "<group>"; };
		C71850042CB683A000C6D12A /* AirbnbCloneUITestsLaunchTests.swift */ = {isa = PBXFileReference; lastKnownFileType = sourcecode.swift; path = AirbnbCloneUITestsLaunchTests.swift; sourceTree = "<group>"; };
		C7762BD42CB7DFE200436780 /* ExploreView.swift */ = {isa = PBXFileReference; lastKnownFileType = sourcecode.swift; path = ExploreView.swift; sourceTree = "<group>"; };
		C7762BD62CB7E09A00436780 /* ListingItemView.swift */ = {isa = PBXFileReference; lastKnownFileType = sourcecode.swift; path = ListingItemView.swift; sourceTree = "<group>"; };
		C7762C1C2CB7ECC600436780 /* Listing.swift */ = {isa = PBXFileReference; lastKnownFileType = sourcecode.swift; path = Listing.swift; sourceTree = "<group>"; };
		C7762C212CB7EE7E00436780 /* Listing_Mock.json */ = {isa = PBXFileReference; fileEncoding = 4; lastKnownFileType = text.json; path = Listing_Mock.json; sourceTree = "<group>"; };
		C7762C232CB7F1D500436780 /* SearchAndFilterBar.swift */ = {isa = PBXFileReference; lastKnownFileType = sourcecode.swift; path = SearchAndFilterBar.swift; sourceTree = "<group>"; };
		C7762C252CB808C900436780 /* ListingDetailView.swift */ = {isa = PBXFileReference; lastKnownFileType = sourcecode.swift; path = ListingDetailView.swift; sourceTree = "<group>"; };
		C7762C282CB80ACC00436780 /* ListingImageCarouselView.swift */ = {isa = PBXFileReference; lastKnownFileType = sourcecode.swift; path = ListingImageCarouselView.swift; sourceTree = "<group>"; };
		C7B8AC532CB959B60089E8C4 /* DestinationSearchView.swift */ = {isa = PBXFileReference; lastKnownFileType = sourcecode.swift; path = DestinationSearchView.swift; sourceTree = "<group>"; };
		C7B8AC552CB95D350089E8C4 /* DestinationSearchOptions.swift */ = {isa = PBXFileReference; lastKnownFileType = sourcecode.swift; path = DestinationSearchOptions.swift; sourceTree = "<group>"; };
		C7B8AC572CB966D00089E8C4 /* CollapsedPickerView.swift */ = {isa = PBXFileReference; lastKnownFileType = sourcecode.swift; path = CollapsedPickerView.swift; sourceTree = "<group>"; };
		C7B8AC592CB967110089E8C4 /* CollapsibleDestinationViewModifier.swift */ = {isa = PBXFileReference; lastKnownFileType = sourcecode.swift; path = CollapsibleDestinationViewModifier.swift; sourceTree = "<group>"; };
		C7B8AC5B2CB969EF0089E8C4 /* ProfileView.swift */ = {isa = PBXFileReference; lastKnownFileType = sourcecode.swift; path = ProfileView.swift; sourceTree = "<group>"; };
		C7B8AC5D2CB96AC20089E8C4 /* ProfileOptionRowView.swift */ = {isa = PBXFileReference; lastKnownFileType = sourcecode.swift; path = ProfileOptionRowView.swift; sourceTree = "<group>"; };
		C7B8AC5F2CB96B810089E8C4 /* WishlistsView.swift */ = {isa = PBXFileReference; lastKnownFileType = sourcecode.swift; path = WishlistsView.swift; sourceTree = "<group>"; };
		C7B8AC612CB96C660089E8C4 /* MainTabView.swift */ = {isa = PBXFileReference; lastKnownFileType = sourcecode.swift; path = MainTabView.swift; sourceTree = "<group>"; };
/* End PBXFileReference section */

/* Begin PBXFrameworksBuildPhase section */
		C7184FE12CB6839F00C6D12A /* Frameworks */ = {
			isa = PBXFrameworksBuildPhase;
			buildActionMask = 2147483647;
			files = (
			);
			runOnlyForDeploymentPostprocessing = 0;
		};
		C7184FF12CB683A000C6D12A /* Frameworks */ = {
			isa = PBXFrameworksBuildPhase;
			buildActionMask = 2147483647;
			files = (
			);
			runOnlyForDeploymentPostprocessing = 0;
		};
		C7184FFB2CB683A000C6D12A /* Frameworks */ = {
			isa = PBXFrameworksBuildPhase;
			buildActionMask = 2147483647;
			files = (
			);
			runOnlyForDeploymentPostprocessing = 0;
		};
/* End PBXFrameworksBuildPhase section */

/* Begin PBXGroup section */
		C7184FDB2CB6839F00C6D12A = {
			isa = PBXGroup;
			children = (
				C7184FE62CB6839F00C6D12A /* AirbnbClone */,
				C7184FF72CB683A000C6D12A /* AirbnbCloneTests */,
				C71850012CB683A000C6D12A /* AirbnbCloneUITests */,
				C7184FE52CB6839F00C6D12A /* Products */,
			);
			sourceTree = "<group>";
		};
		C7184FE52CB6839F00C6D12A /* Products */ = {
			isa = PBXGroup;
			children = (
				C7184FE42CB6839F00C6D12A /* AirbnbClone.app */,
				C7184FF42CB683A000C6D12A /* AirbnbCloneTests.xctest */,
				C7184FFE2CB683A000C6D12A /* AirbnbCloneUITests.xctest */,
			);
			name = Products;
			sourceTree = "<group>";
		};
		C7184FE62CB6839F00C6D12A /* AirbnbClone */ = {
			isa = PBXGroup;
			children = (
				C71850112CB6844E00C6D12A /* App */,
				C71850122CB6845200C6D12A /* Core */,
				C71850152CB6846800C6D12A /* Utils */,
				C71850142CB6845D00C6D12A /* Models */,
				C71850132CB6845800C6D12A /* Extensions */,
				C7184FE92CB6839F00C6D12A /* ContentView.swift */,
				C7762C1E2CB7EE3E00436780 /* Resource */,
				C7184FED2CB683A000C6D12A /* Preview Content */,
			);
			path = AirbnbClone;
			sourceTree = "<group>";
		};
		C7184FED2CB683A000C6D12A /* Preview Content */ = {
			isa = PBXGroup;
			children = (
				C7184FEE2CB683A000C6D12A /* Preview Assets.xcassets */,
			);
			path = "Preview Content";
			sourceTree = "<group>";
		};
		C7184FF72CB683A000C6D12A /* AirbnbCloneTests */ = {
			isa = PBXGroup;
			children = (
				C7184FF82CB683A000C6D12A /* AirbnbCloneTests.swift */,
			);
			path = AirbnbCloneTests;
			sourceTree = "<group>";
		};
		C71850012CB683A000C6D12A /* AirbnbCloneUITests */ = {
			isa = PBXGroup;
			children = (
				C71850022CB683A000C6D12A /* AirbnbCloneUITests.swift */,
				C71850042CB683A000C6D12A /* AirbnbCloneUITestsLaunchTests.swift */,
			);
			path = AirbnbCloneUITests;
			sourceTree = "<group>";
		};
		C71850112CB6844E00C6D12A /* App */ = {
			isa = PBXGroup;
			children = (
				C7184FE72CB6839F00C6D12A /* AirbnbCloneApp.swift */,
			);
			path = App;
			sourceTree = "<group>";
		};
		C71850122CB6845200C6D12A /* Core */ = {
			isa = PBXGroup;
			children = (
				C7762C272CB80AB100436780 /* Components */,
				C718501C2CB684CF00C6D12A /* Wishlists */,
				C718501B2CB684C400C6D12A /* TabBar */,
				C718501A2CB684C100C6D12A /* Root */,
				C71850162CB6848D00C6D12A /* MapView */,
				C71850172CB6849800C6D12A /* Listings */,
				C71850182CB684A200C6D12A /* Explore */,
				C71850192CB684B100C6D12A /* Profile */,
			);
			path = Core;
			sourceTree = "<group>";
		};
		C71850132CB6845800C6D12A /* Extensions */ = {
			isa = PBXGroup;
			children = (
			);
			path = Extensions;
			sourceTree = "<group>";
		};
		C71850142CB6845D00C6D12A /* Models */ = {
			isa = PBXGroup;
			children = (
			);
			path = Models;
			sourceTree = "<group>";
		};
		C71850152CB6846800C6D12A /* Utils */ = {
			isa = PBXGroup;
			children = (
			);
			path = Utils;
			sourceTree = "<group>";
		};
		C71850162CB6848D00C6D12A /* MapView */ = {
			isa = PBXGroup;
			children = (
			);
			path = MapView;
			sourceTree = "<group>";
		};
		C71850172CB6849800C6D12A /* Listings */ = {
			isa = PBXGroup;
			children = (
				C7762C1B2CB7ECB700436780 /* Model */,
				C7762BD62CB7E09A00436780 /* ListingItemView.swift */,
				C7762C252CB808C900436780 /* ListingDetailView.swift */,
			);
			path = Listings;
			sourceTree = "<group>";
		};
		C71850182CB684A200C6D12A /* Explore */ = {
			isa = PBXGroup;
			children = (
				C7762BD42CB7DFE200436780 /* ExploreView.swift */,
				C7B8AC532CB959B60089E8C4 /* DestinationSearchView.swift */,
				C7B8AC552CB95D350089E8C4 /* DestinationSearchOptions.swift */,
				C7B8AC592CB967110089E8C4 /* CollapsibleDestinationViewModifier.swift */,
				C7762C232CB7F1D500436780 /* SearchAndFilterBar.swift */,
			);
			path = Explore;
			sourceTree = "<group>";
		};
		C71850192CB684B100C6D12A /* Profile */ = {
			isa = PBXGroup;
			children = (
				C7B8AC5B2CB969EF0089E8C4 /* ProfileView.swift */,
				C7B8AC5D2CB96AC20089E8C4 /* ProfileOptionRowView.swift */,
			);
			path = Profile;
			sourceTree = "<group>";
		};
		C718501A2CB684C100C6D12A /* Root */ = {
			isa = PBXGroup;
			children = (
			);
			path = Root;
			sourceTree = "<group>";
		};
		C718501B2CB684C400C6D12A /* TabBar */ = {
			isa = PBXGroup;
			children = (
				C7B8AC612CB96C660089E8C4 /* MainTabView.swift */,
			);
			path = TabBar;
			sourceTree = "<group>";
		};
		C718501C2CB684CF00C6D12A /* Wishlists */ = {
			isa = PBXGroup;
			children = (
				C7B8AC5F2CB96B810089E8C4 /* WishlistsView.swift */,
			);
			path = Wishlists;
			sourceTree = "<group>";
		};
		C7762C1B2CB7ECB700436780 /* Model */ = {
			isa = PBXGroup;
			children = (
				C7762C1C2CB7ECC600436780 /* Listing.swift */,
			);
			path = Model;
			sourceTree = "<group>";
		};
		C7762C1E2CB7EE3E00436780 /* Resource */ = {
			isa = PBXGroup;
			children = (
				C7184FEB2CB683A000C6D12A /* Assets.xcassets */,
				C7762C212CB7EE7E00436780 /* Listing_Mock.json */,
			);
			path = Resource;
			sourceTree = "<group>";
		};
		C7762C272CB80AB100436780 /* Components */ = {
			isa = PBXGroup;
			children = (
				C7762C282CB80ACC00436780 /* ListingImageCarouselView.swift */,
				C7B8AC572CB966D00089E8C4 /* CollapsedPickerView.swift */,
			);
			path = Components;
			sourceTree = "<group>";
		};
/* End PBXGroup section */

/* Begin PBXNativeTarget section */
		C7184FE32CB6839F00C6D12A /* AirbnbClone */ = {
			isa = PBXNativeTarget;
			buildConfigurationList = C71850082CB683A000C6D12A /* Build configuration list for PBXNativeTarget "AirbnbClone" */;
			buildPhases = (
				C7184FE02CB6839F00C6D12A /* Sources */,
				C7184FE12CB6839F00C6D12A /* Frameworks */,
				C7184FE22CB6839F00C6D12A /* Resources */,
			);
			buildRules = (
			);
			dependencies = (
			);
			name = AirbnbClone;
			productName = AirbnbClone;
			productReference = C7184FE42CB6839F00C6D12A /* AirbnbClone.app */;
			productType = "com.apple.product-type.application";
		};
		C7184FF32CB683A000C6D12A /* AirbnbCloneTests */ = {
			isa = PBXNativeTarget;
			buildConfigurationList = C718500B2CB683A000C6D12A /* Build configuration list for PBXNativeTarget "AirbnbCloneTests" */;
			buildPhases = (
				C7184FF02CB683A000C6D12A /* Sources */,
				C7184FF12CB683A000C6D12A /* Frameworks */,
				C7184FF22CB683A000C6D12A /* Resources */,
			);
			buildRules = (
			);
			dependencies = (
				C7184FF62CB683A000C6D12A /* PBXTargetDependency */,
			);
			name = AirbnbCloneTests;
			productName = AirbnbCloneTests;
			productReference = C7184FF42CB683A000C6D12A /* AirbnbCloneTests.xctest */;
			productType = "com.apple.product-type.bundle.unit-test";
		};
		C7184FFD2CB683A000C6D12A /* AirbnbCloneUITests */ = {
			isa = PBXNativeTarget;
			buildConfigurationList = C718500E2CB683A000C6D12A /* Build configuration list for PBXNativeTarget "AirbnbCloneUITests" */;
			buildPhases = (
				C7184FFA2CB683A000C6D12A /* Sources */,
				C7184FFB2CB683A000C6D12A /* Frameworks */,
				C7184FFC2CB683A000C6D12A /* Resources */,
			);
			buildRules = (
			);
			dependencies = (
				C71850002CB683A000C6D12A /* PBXTargetDependency */,
			);
			name = AirbnbCloneUITests;
			productName = AirbnbCloneUITests;
			productReference = C7184FFE2CB683A000C6D12A /* AirbnbCloneUITests.xctest */;
			productType = "com.apple.product-type.bundle.ui-testing";
		};
/* End PBXNativeTarget section */

/* Begin PBXProject section */
		C7184FDC2CB6839F00C6D12A /* Project object */ = {
			isa = PBXProject;
			attributes = {
				BuildIndependentTargetsInParallel = 1;
				LastSwiftUpdateCheck = 1520;
				LastUpgradeCheck = 1520;
				TargetAttributes = {
					C7184FE32CB6839F00C6D12A = {
						CreatedOnToolsVersion = 15.2;
					};
					C7184FF32CB683A000C6D12A = {
						CreatedOnToolsVersion = 15.2;
						TestTargetID = C7184FE32CB6839F00C6D12A;
					};
					C7184FFD2CB683A000C6D12A = {
						CreatedOnToolsVersion = 15.2;
						TestTargetID = C7184FE32CB6839F00C6D12A;
					};
				};
			};
			buildConfigurationList = C7184FDF2CB6839F00C6D12A /* Build configuration list for PBXProject "AirbnbClone" */;
			compatibilityVersion = "Xcode 14.0";
			developmentRegion = en;
			hasScannedForEncodings = 0;
			knownRegions = (
				en,
				Base,
			);
			mainGroup = C7184FDB2CB6839F00C6D12A;
			productRefGroup = C7184FE52CB6839F00C6D12A /* Products */;
			projectDirPath = "";
			projectRoot = "";
			targets = (
				C7184FE32CB6839F00C6D12A /* AirbnbClone */,
				C7184FF32CB683A000C6D12A /* AirbnbCloneTests */,
				C7184FFD2CB683A000C6D12A /* AirbnbCloneUITests */,
			);
		};
/* End PBXProject section */

/* Begin PBXResourcesBuildPhase section */
		C7184FE22CB6839F00C6D12A /* Resources */ = {
			isa = PBXResourcesBuildPhase;
			buildActionMask = 2147483647;
			files = (
				C7184FEF2CB683A000C6D12A /* Preview Assets.xcassets in Resources */,
				C7762C222CB7EE7E00436780 /* Listing_Mock.json in Resources */,
				C7184FEC2CB683A000C6D12A /* Assets.xcassets in Resources */,
			);
			runOnlyForDeploymentPostprocessing = 0;
		};
		C7184FF22CB683A000C6D12A /* Resources */ = {
			isa = PBXResourcesBuildPhase;
			buildActionMask = 2147483647;
			files = (
			);
			runOnlyForDeploymentPostprocessing = 0;
		};
		C7184FFC2CB683A000C6D12A /* Resources */ = {
			isa = PBXResourcesBuildPhase;
			buildActionMask = 2147483647;
			files = (
			);
			runOnlyForDeploymentPostprocessing = 0;
		};
/* End PBXResourcesBuildPhase section */

/* Begin PBXSourcesBuildPhase section */
		C7184FE02CB6839F00C6D12A /* Sources */ = {
			isa = PBXSourcesBuildPhase;
			buildActionMask = 2147483647;
			files = (
				C7762C262CB808C900436780 /* ListingDetailView.swift in Sources */,
				C7B8AC5C2CB969EF0089E8C4 /* ProfileView.swift in Sources */,
				C7184FEA2CB6839F00C6D12A /* ContentView.swift in Sources */,
				C7B8AC622CB96C660089E8C4 /* MainTabView.swift in Sources */,
				C7762BD72CB7E09A00436780 /* ListingItemView.swift in Sources */,
				C7762C1D2CB7ECC600436780 /* Listing.swift in Sources */,
				C7762BD52CB7DFE200436780 /* ExploreView.swift in Sources */,
				C7B8AC5A2CB967110089E8C4 /* CollapsibleDestinationViewModifier.swift in Sources */,
				C7B8AC582CB966D00089E8C4 /* CollapsedPickerView.swift in Sources */,
				C7B8AC562CB95D350089E8C4 /* DestinationSearchOptions.swift in Sources */,
				C7B8AC542CB959B60089E8C4 /* DestinationSearchView.swift in Sources */,
				C7184FE82CB6839F00C6D12A /* AirbnbCloneApp.swift in Sources */,
				C7762C242CB7F1D500436780 /* SearchAndFilterBar.swift in Sources */,
				C7B8AC602CB96B810089E8C4 /* WishlistsView.swift in Sources */,
				C7B8AC5E2CB96AC20089E8C4 /* ProfileOptionRowView.swift in Sources */,
				C7762C292CB80ACC00436780 /* ListingImageCarouselView.swift in Sources */,
			);
			runOnlyForDeploymentPostprocessing = 0;
		};
		C7184FF02CB683A000C6D12A /* Sources */ = {
			isa = PBXSourcesBuildPhase;
			buildActionMask = 2147483647;
			files = (
				C7184FF92CB683A000C6D12A /* AirbnbCloneTests.swift in Sources */,
			);
			runOnlyForDeploymentPostprocessing = 0;
		};
		C7184FFA2CB683A000C6D12A /* Sources */ = {
			isa = PBXSourcesBuildPhase;
			buildActionMask = 2147483647;
			files = (
				C71850052CB683A000C6D12A /* AirbnbCloneUITestsLaunchTests.swift in Sources */,
				C71850032CB683A000C6D12A /* AirbnbCloneUITests.swift in Sources */,
			);
			runOnlyForDeploymentPostprocessing = 0;
		};
/* End PBXSourcesBuildPhase section */

/* Begin PBXTargetDependency section */
		C7184FF62CB683A000C6D12A /* PBXTargetDependency */ = {
			isa = PBXTargetDependency;
			target = C7184FE32CB6839F00C6D12A /* AirbnbClone */;
			targetProxy = C7184FF52CB683A000C6D12A /* PBXContainerItemProxy */;
		};
		C71850002CB683A000C6D12A /* PBXTargetDependency */ = {
			isa = PBXTargetDependency;
			target = C7184FE32CB6839F00C6D12A /* AirbnbClone */;
			targetProxy = C7184FFF2CB683A000C6D12A /* PBXContainerItemProxy */;
		};
/* End PBXTargetDependency section */

/* Begin XCBuildConfiguration section */
		C71850062CB683A000C6D12A /* Debug */ = {
			isa = XCBuildConfiguration;
			buildSettings = {
				ALWAYS_SEARCH_USER_PATHS = NO;
				ASSETCATALOG_COMPILER_GENERATE_SWIFT_ASSET_SYMBOL_EXTENSIONS = YES;
				CLANG_ANALYZER_NONNULL = YES;
				CLANG_ANALYZER_NUMBER_OBJECT_CONVERSION = YES_AGGRESSIVE;
				CLANG_CXX_LANGUAGE_STANDARD = "gnu++20";
				CLANG_ENABLE_MODULES = YES;
				CLANG_ENABLE_OBJC_ARC = YES;
				CLANG_ENABLE_OBJC_WEAK = YES;
				CLANG_WARN_BLOCK_CAPTURE_AUTORELEASING = YES;
				CLANG_WARN_BOOL_CONVERSION = YES;
				CLANG_WARN_COMMA = YES;
				CLANG_WARN_CONSTANT_CONVERSION = YES;
				CLANG_WARN_DEPRECATED_OBJC_IMPLEMENTATIONS = YES;
				CLANG_WARN_DIRECT_OBJC_ISA_USAGE = YES_ERROR;
				CLANG_WARN_DOCUMENTATION_COMMENTS = YES;
				CLANG_WARN_EMPTY_BODY = YES;
				CLANG_WARN_ENUM_CONVERSION = YES;
				CLANG_WARN_INFINITE_RECURSION = YES;
				CLANG_WARN_INT_CONVERSION = YES;
				CLANG_WARN_NON_LITERAL_NULL_CONVERSION = YES;
				CLANG_WARN_OBJC_IMPLICIT_RETAIN_SELF = YES;
				CLANG_WARN_OBJC_LITERAL_CONVERSION = YES;
				CLANG_WARN_OBJC_ROOT_CLASS = YES_ERROR;
				CLANG_WARN_QUOTED_INCLUDE_IN_FRAMEWORK_HEADER = YES;
				CLANG_WARN_RANGE_LOOP_ANALYSIS = YES;
				CLANG_WARN_STRICT_PROTOTYPES = YES;
				CLANG_WARN_SUSPICIOUS_MOVE = YES;
				CLANG_WARN_UNGUARDED_AVAILABILITY = YES_AGGRESSIVE;
				CLANG_WARN_UNREACHABLE_CODE = YES;
				CLANG_WARN__DUPLICATE_METHOD_MATCH = YES;
				COPY_PHASE_STRIP = NO;
				DEBUG_INFORMATION_FORMAT = dwarf;
				ENABLE_STRICT_OBJC_MSGSEND = YES;
				ENABLE_TESTABILITY = YES;
				ENABLE_USER_SCRIPT_SANDBOXING = YES;
				GCC_C_LANGUAGE_STANDARD = gnu17;
				GCC_DYNAMIC_NO_PIC = NO;
				GCC_NO_COMMON_BLOCKS = YES;
				GCC_OPTIMIZATION_LEVEL = 0;
				GCC_PREPROCESSOR_DEFINITIONS = (
					"DEBUG=1",
					"$(inherited)",
				);
				GCC_WARN_64_TO_32_BIT_CONVERSION = YES;
				GCC_WARN_ABOUT_RETURN_TYPE = YES_ERROR;
				GCC_WARN_UNDECLARED_SELECTOR = YES;
				GCC_WARN_UNINITIALIZED_AUTOS = YES_AGGRESSIVE;
				GCC_WARN_UNUSED_FUNCTION = YES;
				GCC_WARN_UNUSED_VARIABLE = YES;
				IPHONEOS_DEPLOYMENT_TARGET = 17.2;
				LOCALIZATION_PREFERS_STRING_CATALOGS = YES;
				MTL_ENABLE_DEBUG_INFO = INCLUDE_SOURCE;
				MTL_FAST_MATH = YES;
				ONLY_ACTIVE_ARCH = YES;
				SDKROOT = iphoneos;
				SWIFT_ACTIVE_COMPILATION_CONDITIONS = "DEBUG $(inherited)";
				SWIFT_OPTIMIZATION_LEVEL = "-Onone";
			};
			name = Debug;
		};
		C71850072CB683A000C6D12A /* Release */ = {
			isa = XCBuildConfiguration;
			buildSettings = {
				ALWAYS_SEARCH_USER_PATHS = NO;
				ASSETCATALOG_COMPILER_GENERATE_SWIFT_ASSET_SYMBOL_EXTENSIONS = YES;
				CLANG_ANALYZER_NONNULL = YES;
				CLANG_ANALYZER_NUMBER_OBJECT_CONVERSION = YES_AGGRESSIVE;
				CLANG_CXX_LANGUAGE_STANDARD = "gnu++20";
				CLANG_ENABLE_MODULES = YES;
				CLANG_ENABLE_OBJC_ARC = YES;
				CLANG_ENABLE_OBJC_WEAK = YES;
				CLANG_WARN_BLOCK_CAPTURE_AUTORELEASING = YES;
				CLANG_WARN_BOOL_CONVERSION = YES;
				CLANG_WARN_COMMA = YES;
				CLANG_WARN_CONSTANT_CONVERSION = YES;
				CLANG_WARN_DEPRECATED_OBJC_IMPLEMENTATIONS = YES;
				CLANG_WARN_DIRECT_OBJC_ISA_USAGE = YES_ERROR;
				CLANG_WARN_DOCUMENTATION_COMMENTS = YES;
				CLANG_WARN_EMPTY_BODY = YES;
				CLANG_WARN_ENUM_CONVERSION = YES;
				CLANG_WARN_INFINITE_RECURSION = YES;
				CLANG_WARN_INT_CONVERSION = YES;
				CLANG_WARN_NON_LITERAL_NULL_CONVERSION = YES;
				CLANG_WARN_OBJC_IMPLICIT_RETAIN_SELF = YES;
				CLANG_WARN_OBJC_LITERAL_CONVERSION = YES;
				CLANG_WARN_OBJC_ROOT_CLASS = YES_ERROR;
				CLANG_WARN_QUOTED_INCLUDE_IN_FRAMEWORK_HEADER = YES;
				CLANG_WARN_RANGE_LOOP_ANALYSIS = YES;
				CLANG_WARN_STRICT_PROTOTYPES = YES;
				CLANG_WARN_SUSPICIOUS_MOVE = YES;
				CLANG_WARN_UNGUARDED_AVAILABILITY = YES_AGGRESSIVE;
				CLANG_WARN_UNREACHABLE_CODE = YES;
				CLANG_WARN__DUPLICATE_METHOD_MATCH = YES;
				COPY_PHASE_STRIP = NO;
				DEBUG_INFORMATION_FORMAT = "dwarf-with-dsym";
				ENABLE_NS_ASSERTIONS = NO;
				ENABLE_STRICT_OBJC_MSGSEND = YES;
				ENABLE_USER_SCRIPT_SANDBOXING = YES;
				GCC_C_LANGUAGE_STANDARD = gnu17;
				GCC_NO_COMMON_BLOCKS = YES;
				GCC_WARN_64_TO_32_BIT_CONVERSION = YES;
				GCC_WARN_ABOUT_RETURN_TYPE = YES_ERROR;
				GCC_WARN_UNDECLARED_SELECTOR = YES;
				GCC_WARN_UNINITIALIZED_AUTOS = YES_AGGRESSIVE;
				GCC_WARN_UNUSED_FUNCTION = YES;
				GCC_WARN_UNUSED_VARIABLE = YES;
				IPHONEOS_DEPLOYMENT_TARGET = 17.2;
				LOCALIZATION_PREFERS_STRING_CATALOGS = YES;
				MTL_ENABLE_DEBUG_INFO = NO;
				MTL_FAST_MATH = YES;
				SDKROOT = iphoneos;
				SWIFT_COMPILATION_MODE = wholemodule;
				VALIDATE_PRODUCT = YES;
			};
			name = Release;
		};
		C71850092CB683A000C6D12A /* Debug */ = {
			isa = XCBuildConfiguration;
			buildSettings = {
				ASSETCATALOG_COMPILER_APPICON_NAME = AppIcon;
				ASSETCATALOG_COMPILER_GLOBAL_ACCENT_COLOR_NAME = AccentColor;
				CODE_SIGN_STYLE = Automatic;
				CURRENT_PROJECT_VERSION = 1;
				DEVELOPMENT_ASSET_PATHS = "\"AirbnbClone/Preview Content\"";
				ENABLE_PREVIEWS = YES;
				GENERATE_INFOPLIST_FILE = YES;
				INFOPLIST_KEY_UIApplicationSceneManifest_Generation = YES;
				INFOPLIST_KEY_UIApplicationSupportsIndirectInputEvents = YES;
				INFOPLIST_KEY_UILaunchScreen_Generation = YES;
				INFOPLIST_KEY_UISupportedInterfaceOrientations_iPad = "UIInterfaceOrientationPortrait UIInterfaceOrientationPortraitUpsideDown UIInterfaceOrientationLandscapeLeft UIInterfaceOrientationLandscapeRight";
				INFOPLIST_KEY_UISupportedInterfaceOrientations_iPhone = "UIInterfaceOrientationPortrait UIInterfaceOrientationLandscapeLeft UIInterfaceOrientationLandscapeRight";
				LD_RUNPATH_SEARCH_PATHS = (
					"$(inherited)",
					"@executable_path/Frameworks",
				);
				MARKETING_VERSION = 1.0;
				PRODUCT_BUNDLE_IDENTIFIER = com.moonjs.AirbnbClone;
				PRODUCT_NAME = "$(TARGET_NAME)";
				SWIFT_EMIT_LOC_STRINGS = YES;
				SWIFT_VERSION = 5.0;
				TARGETED_DEVICE_FAMILY = "1,2";
			};
			name = Debug;
		};
		C718500A2CB683A000C6D12A /* Release */ = {
			isa = XCBuildConfiguration;
			buildSettings = {
				ASSETCATALOG_COMPILER_APPICON_NAME = AppIcon;
				ASSETCATALOG_COMPILER_GLOBAL_ACCENT_COLOR_NAME = AccentColor;
				CODE_SIGN_STYLE = Automatic;
				CURRENT_PROJECT_VERSION = 1;
				DEVELOPMENT_ASSET_PATHS = "\"AirbnbClone/Preview Content\"";
				ENABLE_PREVIEWS = YES;
				GENERATE_INFOPLIST_FILE = YES;
				INFOPLIST_KEY_UIApplicationSceneManifest_Generation = YES;
				INFOPLIST_KEY_UIApplicationSupportsIndirectInputEvents = YES;
				INFOPLIST_KEY_UILaunchScreen_Generation = YES;
				INFOPLIST_KEY_UISupportedInterfaceOrientations_iPad = "UIInterfaceOrientationPortrait UIInterfaceOrientationPortraitUpsideDown UIInterfaceOrientationLandscapeLeft UIInterfaceOrientationLandscapeRight";
				INFOPLIST_KEY_UISupportedInterfaceOrientations_iPhone = "UIInterfaceOrientationPortrait UIInterfaceOrientationLandscapeLeft UIInterfaceOrientationLandscapeRight";
				LD_RUNPATH_SEARCH_PATHS = (
					"$(inherited)",
					"@executable_path/Frameworks",
				);
				MARKETING_VERSION = 1.0;
				PRODUCT_BUNDLE_IDENTIFIER = com.moonjs.AirbnbClone;
				PRODUCT_NAME = "$(TARGET_NAME)";
				SWIFT_EMIT_LOC_STRINGS = YES;
				SWIFT_VERSION = 5.0;
				TARGETED_DEVICE_FAMILY = "1,2";
			};
			name = Release;
		};
		C718500C2CB683A000C6D12A /* Debug */ = {
			isa = XCBuildConfiguration;
			buildSettings = {
				ALWAYS_EMBED_SWIFT_STANDARD_LIBRARIES = YES;
				BUNDLE_LOADER = "$(TEST_HOST)";
				CODE_SIGN_STYLE = Automatic;
				CURRENT_PROJECT_VERSION = 1;
				GENERATE_INFOPLIST_FILE = YES;
				IPHONEOS_DEPLOYMENT_TARGET = 17.2;
				MARKETING_VERSION = 1.0;
				PRODUCT_BUNDLE_IDENTIFIER = com.moonjs.AirbnbCloneTests;
				PRODUCT_NAME = "$(TARGET_NAME)";
				SWIFT_EMIT_LOC_STRINGS = NO;
				SWIFT_VERSION = 5.0;
				TARGETED_DEVICE_FAMILY = "1,2";
				TEST_HOST = "$(BUILT_PRODUCTS_DIR)/AirbnbClone.app/$(BUNDLE_EXECUTABLE_FOLDER_PATH)/AirbnbClone";
			};
			name = Debug;
		};
		C718500D2CB683A000C6D12A /* Release */ = {
			isa = XCBuildConfiguration;
			buildSettings = {
				ALWAYS_EMBED_SWIFT_STANDARD_LIBRARIES = YES;
				BUNDLE_LOADER = "$(TEST_HOST)";
				CODE_SIGN_STYLE = Automatic;
				CURRENT_PROJECT_VERSION = 1;
				GENERATE_INFOPLIST_FILE = YES;
				IPHONEOS_DEPLOYMENT_TARGET = 17.2;
				MARKETING_VERSION = 1.0;
				PRODUCT_BUNDLE_IDENTIFIER = com.moonjs.AirbnbCloneTests;
				PRODUCT_NAME = "$(TARGET_NAME)";
				SWIFT_EMIT_LOC_STRINGS = NO;
				SWIFT_VERSION = 5.0;
				TARGETED_DEVICE_FAMILY = "1,2";
				TEST_HOST = "$(BUILT_PRODUCTS_DIR)/AirbnbClone.app/$(BUNDLE_EXECUTABLE_FOLDER_PATH)/AirbnbClone";
			};
			name = Release;
		};
		C718500F2CB683A000C6D12A /* Debug */ = {
			isa = XCBuildConfiguration;
			buildSettings = {
				ALWAYS_EMBED_SWIFT_STANDARD_LIBRARIES = YES;
				CODE_SIGN_STYLE = Automatic;
				CURRENT_PROJECT_VERSION = 1;
				GENERATE_INFOPLIST_FILE = YES;
				MARKETING_VERSION = 1.0;
				PRODUCT_BUNDLE_IDENTIFIER = com.moonjs.AirbnbCloneUITests;
				PRODUCT_NAME = "$(TARGET_NAME)";
				SWIFT_EMIT_LOC_STRINGS = NO;
				SWIFT_VERSION = 5.0;
				TARGETED_DEVICE_FAMILY = "1,2";
				TEST_TARGET_NAME = AirbnbClone;
			};
			name = Debug;
		};
		C71850102CB683A000C6D12A /* Release */ = {
			isa = XCBuildConfiguration;
			buildSettings = {
				ALWAYS_EMBED_SWIFT_STANDARD_LIBRARIES = YES;
				CODE_SIGN_STYLE = Automatic;
				CURRENT_PROJECT_VERSION = 1;
				GENERATE_INFOPLIST_FILE = YES;
				MARKETING_VERSION = 1.0;
				PRODUCT_BUNDLE_IDENTIFIER = com.moonjs.AirbnbCloneUITests;
				PRODUCT_NAME = "$(TARGET_NAME)";
				SWIFT_EMIT_LOC_STRINGS = NO;
				SWIFT_VERSION = 5.0;
				TARGETED_DEVICE_FAMILY = "1,2";
				TEST_TARGET_NAME = AirbnbClone;
			};
			name = Release;
		};
/* End XCBuildConfiguration section */

/* Begin XCConfigurationList section */
		C7184FDF2CB6839F00C6D12A /* Build configuration list for PBXProject "AirbnbClone" */ = {
			isa = XCConfigurationList;
			buildConfigurations = (
				C71850062CB683A000C6D12A /* Debug */,
				C71850072CB683A000C6D12A /* Release */,
			);
			defaultConfigurationIsVisible = 0;
			defaultConfigurationName = Release;
		};
		C71850082CB683A000C6D12A /* Build configuration list for PBXNativeTarget "AirbnbClone" */ = {
			isa = XCConfigurationList;
			buildConfigurations = (
				C71850092CB683A000C6D12A /* Debug */,
				C718500A2CB683A000C6D12A /* Release */,
			);
			defaultConfigurationIsVisible = 0;
			defaultConfigurationName = Release;
		};
		C718500B2CB683A000C6D12A /* Build configuration list for PBXNativeTarget "AirbnbCloneTests" */ = {
			isa = XCConfigurationList;
			buildConfigurations = (
				C718500C2CB683A000C6D12A /* Debug */,
				C718500D2CB683A000C6D12A /* Release */,
			);
			defaultConfigurationIsVisible = 0;
			defaultConfigurationName = Release;
		};
		C718500E2CB683A000C6D12A /* Build configuration list for PBXNativeTarget "AirbnbCloneUITests" */ = {
			isa = XCConfigurationList;
			buildConfigurations = (
				C718500F2CB683A000C6D12A /* Debug */,
				C71850102CB683A000C6D12A /* Release */,
			);
			defaultConfigurationIsVisible = 0;
			defaultConfigurationName = Release;
		};
/* End XCConfigurationList section */
	};
	rootObject = C7184FDC2CB6839F00C6D12A /* Project object */;
}
